
Microsoft Visual Studio Solution File, Format Version 12.00
# Visual Studio Version 16
VisualStudioVersion = 16.0.31829.152
MinimumVisualStudioVersion = 10.0.40219.1
Project("{FAE04EC0-301F-11D3-BF4B-00C04F79EFBC}") = "Lab7", "Lab7\Lab7.csproj", "{EDD6A6A0-227F-4FA1-AE84-4A6E12046F38}"
EndProject
Project("{FAE04EC0-301F-11D3-BF4B-00C04F79EFBC}") = "Lab7-2", "Lab7-2\Lab7-2.csproj", "{98FF9808-5CBA-48F7-8475-C69093A1FC50}"
EndProject
Global
	GlobalSection(SolutionConfigurationPlatforms) = preSolution
		Debug|Any CPU = Debug|Any CPU
		Release|Any CPU = Release|Any CPU
	EndGlobalSection
	GlobalSection(ProjectConfigurationPlatforms) = postSolution
		{EDD6A6A0-227F-4FA1-AE84-4A6E12046F38}.Debug|Any CPU.ActiveCfg = Debug|Any CPU
		{EDD6A6A0-227F-4FA1-AE84-4A6E12046F38}.Debug|Any CPU.Build.0 = Debug|Any CPU
		{EDD6A6A0-227F-4FA1-AE84-4A6E12046F38}.Release|Any CPU.ActiveCfg = Release|Any CPU
		{EDD6A6A0-227F-4FA1-AE84-4A6E12046F38}.Release|Any CPU.Build.0 = Release|Any CPU
		{98FF9808-5CBA-48F7-8475-C69093A1FC50}.Debug|Any CPU.ActiveCfg = Debug|Any CPU
		{98FF9808-5CBA-48F7-8475-C69093A1FC50}.Debug|Any CPU.Build.0 = Debug|Any CPU
		{98FF9808-5CBA-48F7-8475-C69093A1FC50}.Release|Any CPU.ActiveCfg = Release|Any CPU
		{98FF9808-5CBA-48F7-8475-C69093A1FC50}.Release|Any CPU.Build.0 = Release|Any CPU
	EndGlobalSection
	GlobalSection(SolutionProperties) = preSolution
		HideSolutionNode = FALSE
	EndGlobalSection
	GlobalSection(ExtensibilityGlobals) = postSolution
		SolutionGuid = {36B98DD6-6D09-4692-8A77-0C684E302348}
	EndGlobalSection
EndGlobal
